// !$*UTF8*$!
{
	archiveVersion = 1;
	classes = {
	};
	objectVersion = 46;
	objects = {

/* Begin PBXBuildFile section */
		27DAFA9A1F03194C00A3CD99 /* AppDelegate.swift in Sources */ = {isa = PBXBuildFile; fileRef = 27DAFA991F03194C00A3CD99 /* AppDelegate.swift */; };
		27DAFA9C1F03194C00A3CD99 /* MainViewController.swift in Sources */ = {isa = PBXBuildFile; fileRef = 27DAFA9B1F03194C00A3CD99 /* MainViewController.swift */; };
		27DAFA9F1F03194C00A3CD99 /* Main.storyboard in Resources */ = {isa = PBXBuildFile; fileRef = 27DAFA9D1F03194C00A3CD99 /* Main.storyboard */; };
		27DAFAA11F03194C00A3CD99 /* Assets.xcassets in Resources */ = {isa = PBXBuildFile; fileRef = 27DAFAA01F03194C00A3CD99 /* Assets.xcassets */; };
		27DAFAA41F03194C00A3CD99 /* LaunchScreen.storyboard in Resources */ = {isa = PBXBuildFile; fileRef = 27DAFAA21F03194C00A3CD99 /* LaunchScreen.storyboard */; };
		27DAFAAD1F03EE4B00A3CD99 /* PickerViewController.swift in Sources */ = {isa = PBXBuildFile; fileRef = 27DAFAAB1F03EE4B00A3CD99 /* PickerViewController.swift */; };
		27DAFAAE1F03EE4B00A3CD99 /* PickerViewController.xib in Resources */ = {isa = PBXBuildFile; fileRef = 27DAFAAC1F03EE4B00A3CD99 /* PickerViewController.xib */; };
		27DAFAB01F03F67000A3CD99 /* StationCell.swift in Sources */ = {isa = PBXBuildFile; fileRef = 27DAFAAF1F03F67000A3CD99 /* StationCell.swift */; };
		27DAFAB21F03F68900A3CD99 /* StationCell.xib in Resources */ = {isa = PBXBuildFile; fileRef = 27DAFAB11F03F68900A3CD99 /* StationCell.xib */; };
		27DAFAB41F0458DC00A3CD99 /* API.swift in Sources */ = {isa = PBXBuildFile; fileRef = 27DAFAB31F0458DC00A3CD99 /* API.swift */; };
		27DAFAB61F045EFB00A3CD99 /* Station.swift in Sources */ = {isa = PBXBuildFile; fileRef = 27DAFAB51F045EFB00A3CD99 /* Station.swift */; };
/* End PBXBuildFile section */

/* Begin PBXFileReference section */
		27DAFA961F03194C00A3CD99 /* Rozklad.app */ = {isa = PBXFileReference; explicitFileType = wrapper.application; includeInIndex = 0; path = Rozklad.app; sourceTree = BUILT_PRODUCTS_DIR; };
		27DAFA991F03194C00A3CD99 /* AppDelegate.swift */ = {isa = PBXFileReference; lastKnownFileType = sourcecode.swift; path = AppDelegate.swift; sourceTree = "<group>"; };
		27DAFA9B1F03194C00A3CD99 /* MainViewController.swift */ = {isa = PBXFileReference; lastKnownFileType = sourcecode.swift; path = MainViewController.swift; sourceTree = "<group>"; };
		27DAFA9E1F03194C00A3CD99 /* Base */ = {isa = PBXFileReference; lastKnownFileType = file.storyboard; name = Base; path = Base.lproj/Main.storyboard; sourceTree = "<group>"; };
		27DAFAA01F03194C00A3CD99 /* Assets.xcassets */ = {isa = PBXFileReference; lastKnownFileType = folder.assetcatalog; path = Assets.xcassets; sourceTree = "<group>"; };
		27DAFAA31F03194C00A3CD99 /* Base */ = {isa = PBXFileReference; lastKnownFileType = file.storyboard; name = Base; path = Base.lproj/LaunchScreen.storyboard; sourceTree = "<group>"; };
		27DAFAA51F03194C00A3CD99 /* Info.plist */ = {isa = PBXFileReference; lastKnownFileType = text.plist.xml; path = Info.plist; sourceTree = "<group>"; };
		27DAFAAB1F03EE4B00A3CD99 /* PickerViewController.swift */ = {isa = PBXFileReference; fileEncoding = 4; lastKnownFileType = sourcecode.swift; path = PickerViewController.swift; sourceTree = "<group>"; };
		27DAFAAC1F03EE4B00A3CD99 /* PickerViewController.xib */ = {isa = PBXFileReference; fileEncoding = 4; lastKnownFileType = file.xib; path = PickerViewController.xib; sourceTree = "<group>"; };
		27DAFAAF1F03F67000A3CD99 /* StationCell.swift */ = {isa = PBXFileReference; fileEncoding = 4; lastKnownFileType = sourcecode.swift; path = StationCell.swift; sourceTree = "<group>"; };
		27DAFAB11F03F68900A3CD99 /* StationCell.xib */ = {isa = PBXFileReference; fileEncoding = 4; lastKnownFileType = file.xib; path = StationCell.xib; sourceTree = "<group>"; };
		27DAFAB31F0458DC00A3CD99 /* API.swift */ = {isa = PBXFileReference; fileEncoding = 4; lastKnownFileType = sourcecode.swift; path = API.swift; sourceTree = "<group>"; };
		27DAFAB51F045EFB00A3CD99 /* Station.swift */ = {isa = PBXFileReference; fileEncoding = 4; lastKnownFileType = sourcecode.swift; path = Station.swift; sourceTree = "<group>"; };
/* End PBXFileReference section */

/* Begin PBXFrameworksBuildPhase section */
		27DAFA931F03194C00A3CD99 /* Frameworks */ = {
			isa = PBXFrameworksBuildPhase;
			buildActionMask = 2147483647;
			files = (
			);
			runOnlyForDeploymentPostprocessing = 0;
		};
/* End PBXFrameworksBuildPhase section */

/* Begin PBXGroup section */
		27DAFA8D1F03194B00A3CD99 = {
			isa = PBXGroup;
			children = (
				27DAFA981F03194C00A3CD99 /* Rozklad */,
				27DAFA971F03194C00A3CD99 /* Products */,
			);
			sourceTree = "<group>";
		};
		27DAFA971F03194C00A3CD99 /* Products */ = {
			isa = PBXGroup;
			children = (
				27DAFA961F03194C00A3CD99 /* Rozklad.app */,
			);
			name = Products;
			sourceTree = "<group>";
		};
		27DAFA981F03194C00A3CD99 /* Rozklad */ = {
			isa = PBXGroup;
			children = (
				27DAFA991F03194C00A3CD99 /* AppDelegate.swift */,
				27DAFAB91F045F2500A3CD99 /* ViewControllers */,
				27DAFAB81F045F1400A3CD99 /* API */,
				27DAFAB71F045F0600A3CD99 /* Model */,
				27DAFA9D1F03194C00A3CD99 /* Main.storyboard */,
				27DAFAA01F03194C00A3CD99 /* Assets.xcassets */,
				27DAFAA21F03194C00A3CD99 /* LaunchScreen.storyboard */,
				27DAFAA51F03194C00A3CD99 /* Info.plist */,
			);
			path = Rozklad;
			sourceTree = "<group>";
		};
		27DAFAB71F045F0600A3CD99 /* Model */ = {
			isa = PBXGroup;
			children = (
				27DAFAB51F045EFB00A3CD99 /* Station.swift */,
			);
			name = Model;
			sourceTree = "<group>";
		};
		27DAFAB81F045F1400A3CD99 /* API */ = {
			isa = PBXGroup;
			children = (
				27DAFAB31F0458DC00A3CD99 /* API.swift */,
			);
			name = API;
			sourceTree = "<group>";
		};
		27DAFAB91F045F2500A3CD99 /* ViewControllers */ = {
			isa = PBXGroup;
			children = (
				27DAFA9B1F03194C00A3CD99 /* MainViewController.swift */,
				27DAFAAB1F03EE4B00A3CD99 /* PickerViewController.swift */,
				27DAFAAF1F03F67000A3CD99 /* StationCell.swift */,
				27DAFAB11F03F68900A3CD99 /* StationCell.xib */,
				27DAFAAC1F03EE4B00A3CD99 /* PickerViewController.xib */,
			);
			name = ViewControllers;
			sourceTree = "<group>";
		};
/* End PBXGroup section */

/* Begin PBXNativeTarget section */
		27DAFA951F03194C00A3CD99 /* Rozklad */ = {
			isa = PBXNativeTarget;
			buildConfigurationList = 27DAFAA81F03194C00A3CD99 /* Build configuration list for PBXNativeTarget "Rozklad" */;
			buildPhases = (
				27DAFA921F03194C00A3CD99 /* Sources */,
				27DAFA931F03194C00A3CD99 /* Frameworks */,
				27DAFA941F03194C00A3CD99 /* Resources */,
			);
			buildRules = (
			);
			dependencies = (
			);
			name = Rozklad;
			productName = Rozklad;
			productReference = 27DAFA961F03194C00A3CD99 /* Rozklad.app */;
			productType = "com.apple.product-type.application";
		};
/* End PBXNativeTarget section */

/* Begin PBXProject section */
		27DAFA8E1F03194B00A3CD99 /* Project object */ = {
			isa = PBXProject;
			attributes = {
				LastSwiftUpdateCheck = 0830;
				LastUpgradeCheck = 0830;
				ORGANIZATIONNAME = "Mike Tubis";
				TargetAttributes = {
					27DAFA951F03194C00A3CD99 = {
						CreatedOnToolsVersion = 8.3.2;
						ProvisioningStyle = Automatic;
					};
				};
			};
			buildConfigurationList = 27DAFA911F03194B00A3CD99 /* Build configuration list for PBXProject "Rozklad" */;
			compatibilityVersion = "Xcode 3.2";
			developmentRegion = English;
			hasScannedForEncodings = 0;
			knownRegions = (
				en,
				Base,
			);
			mainGroup = 27DAFA8D1F03194B00A3CD99;
			productRefGroup = 27DAFA971F03194C00A3CD99 /* Products */;
			projectDirPath = "";
			projectRoot = "";
			targets = (
				27DAFA951F03194C00A3CD99 /* Rozklad */,
			);
		};
/* End PBXProject section */

/* Begin PBXResourcesBuildPhase section */
		27DAFA941F03194C00A3CD99 /* Resources */ = {
			isa = PBXResourcesBuildPhase;
			buildActionMask = 2147483647;
			files = (
				27DAFAB21F03F68900A3CD99 /* StationCell.xib in Resources */,
				27DAFAA41F03194C00A3CD99 /* LaunchScreen.storyboard in Resources */,
				27DAFAA11F03194C00A3CD99 /* Assets.xcassets in Resources */,
				27DAFAAE1F03EE4B00A3CD99 /* PickerViewController.xib in Resources */,
				27DAFA9F1F03194C00A3CD99 /* Main.storyboard in Resources */,
			);
			runOnlyForDeploymentPostprocessing = 0;
		};
/* End PBXResourcesBuildPhase section */

/* Begin PBXSourcesBuildPhase section */
		27DAFA921F03194C00A3CD99 /* Sources */ = {
			isa = PBXSourcesBuildPhase;
			buildActionMask = 2147483647;
			files = (
				27DAFAAD1F03EE4B00A3CD99 /* PickerViewController.swift in Sources */,
				27DAFA9C1F03194C00A3CD99 /* MainViewController.swift in Sources */,
				27DAFAB01F03F67000A3CD99 /* StationCell.swift in Sources */,
				27DAFA9A1F03194C00A3CD99 /* AppDelegate.swift in Sources */,
				27DAFAB61F045EFB00A3CD99 /* Station.swift in Sources */,
				27DAFAB41F0458DC00A3CD99 /* API.swift in Sources */,
			);
			runOnlyForDeploymentPostprocessing = 0;
		};
/* End PBXSourcesBuildPhase section */

/* Begin PBXVariantGroup section */
		27DAFA9D1F03194C00A3CD99 /* Main.storyboard */ = {
			isa = PBXVariantGroup;
			children = (
				27DAFA9E1F03194C00A3CD99 /* Base */,
			);
			name = Main.storyboard;
			sourceTree = "<group>";
		};
		27DAFAA21F03194C00A3CD99 /* LaunchScreen.storyboard */ = {
			isa = PBXVariantGroup;
			children = (
				27DAFAA31F03194C00A3CD99 /* Base */,
			);
			name = LaunchScreen.storyboard;
			sourceTree = "<group>";
		};
/* End PBXVariantGroup section */

/* Begin XCBuildConfiguration section */
		27DAFAA61F03194C00A3CD99 /* Debug */ = {
			isa = XCBuildConfiguration;
			buildSettings = {
				ALWAYS_SEARCH_USER_PATHS = NO;
				CLANG_ANALYZER_NONNULL = YES;
				CLANG_ANALYZER_NUMBER_OBJECT_CONVERSION = YES_AGGRESSIVE;
				CLANG_CXX_LANGUAGE_STANDARD = "gnu++0x";
				CLANG_CXX_LIBRARY = "libc++";
				CLANG_ENABLE_MODULES = YES;
				CLANG_ENABLE_OBJC_ARC = YES;
				CLANG_WARN_BOOL_CONVERSION = YES;
				CLANG_WARN_CONSTANT_CONVERSION = YES;
				CLANG_WARN_DIRECT_OBJC_ISA_USAGE = YES_ERROR;
				CLANG_WARN_DOCUMENTATION_COMMENTS = YES;
				CLANG_WARN_EMPTY_BODY = YES;
				CLANG_WARN_ENUM_CONVERSION = YES;
				CLANG_WARN_INFINITE_RECURSION = YES;
				CLANG_WARN_INT_CONVERSION = YES;
				CLANG_WARN_OBJC_ROOT_CLASS = YES_ERROR;
				CLANG_WARN_SUSPICIOUS_MOVE = YES;
				CLANG_WARN_UNREACHABLE_CODE = YES;
				CLANG_WARN__DUPLICATE_METHOD_MATCH = YES;
				"CODE_SIGN_IDENTITY[sdk=iphoneos*]" = "iPhone Developer";
				COPY_PHASE_STRIP = NO;
				DEBUG_INFORMATION_FORMAT = dwarf;
				ENABLE_STRICT_OBJC_MSGSEND = YES;
				ENABLE_TESTABILITY = YES;
				GCC_C_LANGUAGE_STANDARD = gnu99;
				GCC_DYNAMIC_NO_PIC = NO;
				GCC_NO_COMMON_BLOCKS = YES;
				GCC_OPTIMIZATION_LEVEL = 0;
				GCC_PREPROCESSOR_DEFINITIONS = (
					"DEBUG=1",
					"$(inherited)",
				);
				GCC_WARN_64_TO_32_BIT_CONVERSION = YES;
				GCC_WARN_ABOUT_RETURN_TYPE = YES_ERROR;
				GCC_WARN_UNDECLARED_SELECTOR = YES;
				GCC_WARN_UNINITIALIZED_AUTOS = YES_AGGRESSIVE;
				GCC_WARN_UNUSED_FUNCTION = YES;
				GCC_WARN_UNUSED_VARIABLE = YES;
				IPHONEOS_DEPLOYMENT_TARGET = 10.3;
				MTL_ENABLE_DEBUG_INFO = YES;
				ONLY_ACTIVE_ARCH = YES;
				SDKROOT = iphoneos;
				SWIFT_ACTIVE_COMPILATION_CONDITIONS = DEBUG;
				SWIFT_OPTIMIZATION_LEVEL = "-Onone";
			};
			name = Debug;
		};
		27DAFAA71F03194C00A3CD99 /* Release */ = {
			isa = XCBuildConfiguration;
			buildSettings = {
				ALWAYS_SEARCH_USER_PATHS = NO;
				CLANG_ANALYZER_NONNULL = YES;
				CLANG_ANALYZER_NUMBER_OBJECT_CONVERSION = YES_AGGRESSIVE;
				CLANG_CXX_LANGUAGE_STANDARD = "gnu++0x";
				CLANG_CXX_LIBRARY = "libc++";
				CLANG_ENABLE_MODULES = YES;
				CLANG_ENABLE_OBJC_ARC = YES;
				CLANG_WARN_BOOL_CONVERSION = YES;
				CLANG_WARN_CONSTANT_CONVERSION = YES;
				CLANG_WARN_DIRECT_OBJC_ISA_USAGE = YES_ERROR;
				CLANG_WARN_DOCUMENTATION_COMMENTS = YES;
				CLANG_WARN_EMPTY_BODY = YES;
				CLANG_WARN_ENUM_CONVERSION = YES;
				CLANG_WARN_INFINITE_RECURSION = YES;
				CLANG_WARN_INT_CONVERSION = YES;
				CLANG_WARN_OBJC_ROOT_CLASS = YES_ERROR;
				CLANG_WARN_SUSPICIOUS_MOVE = YES;
				CLANG_WARN_UNREACHABLE_CODE = YES;
				CLANG_WARN__DUPLICATE_METHOD_MATCH = YES;
				"CODE_SIGN_IDENTITY[sdk=iphoneos*]" = "iPhone Developer";
				COPY_PHASE_STRIP = NO;
				DEBUG_INFORMATION_FORMAT = "dwarf-with-dsym";
				ENABLE_NS_ASSERTIONS = NO;
				ENABLE_STRICT_OBJC_MSGSEND = YES;
				GCC_C_LANGUAGE_STANDARD = gnu99;
				GCC_NO_COMMON_BLOCKS = YES;
				GCC_WARN_64_TO_32_BIT_CONVERSION = YES;
				GCC_WARN_ABOUT_RETURN_TYPE = YES_ERROR;
				GCC_WARN_UNDECLARED_SELECTOR = YES;
				GCC_WARN_UNINITIALIZED_AUTOS = YES_AGGRESSIVE;
				GCC_WARN_UNUSED_FUNCTION = YES;
				GCC_WARN_UNUSED_VARIABLE = YES;
				IPHONEOS_DEPLOYMENT_TARGET = 10.3;
				MTL_ENABLE_DEBUG_INFO = NO;
				SDKROOT = iphoneos;
				SWIFT_OPTIMIZATION_LEVEL = "-Owholemodule";
				VALIDATE_PRODUCT = YES;
			};
			name = Release;
		};
		27DAFAA91F03194C00A3CD99 /* Debug */ = {
			isa = XCBuildConfiguration;
			buildSettings = {
				ASSETCATALOG_COMPILER_APPICON_NAME = AppIcon;
				INFOPLIST_FILE = Rozklad/Info.plist;
				LD_RUNPATH_SEARCH_PATHS = "$(inherited) @executable_path/Frameworks";
				PRODUCT_BUNDLE_IDENTIFIER = pl.tubis.rozklad.Rozklad;
				PRODUCT_NAME = "$(TARGET_NAME)";
				SWIFT_VERSION = 3.0;
			};
			name = Debug;
		};
		27DAFAAA1F03194C00A3CD99 /* Release */ = {
			isa = XCBuildConfiguration;
			buildSettings = {
				ASSETCATALOG_COMPILER_APPICON_NAME = AppIcon;
				INFOPLIST_FILE = Rozklad/Info.plist;
				LD_RUNPATH_SEARCH_PATHS = "$(inherited) @executable_path/Frameworks";
				PRODUCT_BUNDLE_IDENTIFIER = pl.tubis.rozklad.Rozklad;
				PRODUCT_NAME = "$(TARGET_NAME)";
				SWIFT_VERSION = 3.0;
			};
			name = Release;
		};
/* End XCBuildConfiguration section */

/* Begin XCConfigurationList section */
		27DAFA911F03194B00A3CD99 /* Build configuration list for PBXProject "Rozklad" */ = {
			isa = XCConfigurationList;
			buildConfigurations = (
				27DAFAA61F03194C00A3CD99 /* Debug */,
				27DAFAA71F03194C00A3CD99 /* Release */,
			);
			defaultConfigurationIsVisible = 0;
			defaultConfigurationName = Release;
		};
		27DAFAA81F03194C00A3CD99 /* Build configuration list for PBXNativeTarget "Rozklad" */ = {
			isa = XCConfigurationList;
			buildConfigurations = (
				27DAFAA91F03194C00A3CD99 /* Debug */,
				27DAFAAA1F03194C00A3CD99 /* Release */,
			);
			defaultConfigurationIsVisible = 0;
			defaultConfigurationName = Release;
		};
/* End XCConfigurationList section */
	};
	rootObject = 27DAFA8E1F03194B00A3CD99 /* Project object */;
}
